%{
  "predicate_sigil": {:hex, :predicate_sigil, "0.2.1", "3b7e4ae49c99eab790cdc5aa70fa6ab1b55fb0de7cb8721e6a850a26387364f0", [:mix], [], "hexpm", "9a6560cd581a32192b063d3759b0cae290f26591130a06bedab9674557e32f6e"},
  "shorter_maps": {:hex, :shorter_maps, "2.2.5", "77b2e3632a49c72ca8aea2a47687767b3ad2623b9ade529ffe31f41865a32886", [:mix], [], "hexpm", "fbef59a9f13369f819111f500f0253678526ea8c717d794a224df41223bc88ab"},
}
